
Microsoft Visual Studio Solution File, Format Version 12.00
# Visual Studio Version 17
VisualStudioVersion = 17.1.32319.34
MinimumVisualStudioVersion = 10.0.40219.1
Project("{8BC9CEB8-8B4A-11D0-8D11-00A0C91BC942}") = "arrayAndInputs", "arrayAndInputs\arrayAndInputs.vcxproj", "{0CA3B64B-7CD5-4B93-920F-6228DC90B61B}"
EndProject
Global
	GlobalSection(SolutionConfigurationPlatforms) = preSolution
		Debug|x64 = Debug|x64
		Debug|x86 = Debug|x86
		Release|x64 = Release|x64
		Release|x86 = Release|x86
	EndGlobalSection
	GlobalSection(ProjectConfigurationPlatforms) = postSolution
		{0CA3B64B-7CD5-4B93-920F-6228DC90B61B}.Debug|x64.ActiveCfg = Debug|x64
		{0CA3B64B-7CD5-4B93-920F-6228DC90B61B}.Debug|x64.Build.0 = Debug|x64
		{0CA3B64B-7CD5-4B93-920F-6228DC90B61B}.Debug|x86.ActiveCfg = Debug|Win32
		{0CA3B64B-7CD5-4B93-920F-6228DC90B61B}.Debug|x86.Build.0 = Debug|Win32
		{0CA3B64B-7CD5-4B93-920F-6228DC90B61B}.Release|x64.ActiveCfg = Release|x64
		{0CA3B64B-7CD5-4B93-920F-6228DC90B61B}.Release|x64.Build.0 = Release|x64
		{0CA3B64B-7CD5-4B93-920F-6228DC90B61B}.Release|x86.ActiveCfg = Release|Win32
		{0CA3B64B-7CD5-4B93-920F-6228DC90B61B}.Release|x86.Build.0 = Release|Win32
	EndGlobalSection
	GlobalSection(SolutionProperties) = preSolution
		HideSolutionNode = FALSE
	EndGlobalSection
	GlobalSection(ExtensibilityGlobals) = postSolution
		SolutionGuid = {2039370C-653E-430B-BD83-A7CD215DF635}
	EndGlobalSection
EndGlobal
